
Microsoft Visual Studio Solution File, Format Version 12.00
# Visual Studio Version 16
VisualStudioVersion = 16.0.30804.86
MinimumVisualStudioVersion = 10.0.40219.1
Project("{9A19103F-16F7-4668-BE54-9A1E7A4F7556}") = "Data_Access_Layer", "Data_Access_Layer\Data_Access_Layer.csproj", "{B410625D-E9C6-4C8F-A57C-EF2B3C6BBA9F}"
EndProject
Project("{9A19103F-16F7-4668-BE54-9A1E7A4F7556}") = "Manager", "Manager\Manager.csproj", "{C36F058E-E1E2-4F7F-BA28-5563E9E75257}"
EndProject
Project("{9A19103F-16F7-4668-BE54-9A1E7A4F7556}") = "MoviePortal", "MoviePortal\MoviePortal.csproj", "{21AA19D5-3CA0-465A-9264-B3183991AFC5}"
EndProject
Global
	GlobalSection(SolutionConfigurationPlatforms) = preSolution
		Debug|Any CPU = Debug|Any CPU
		Release|Any CPU = Release|Any CPU
	EndGlobalSection
	GlobalSection(ProjectConfigurationPlatforms) = postSolution
		{B410625D-E9C6-4C8F-A57C-EF2B3C6BBA9F}.Debug|Any CPU.ActiveCfg = Debug|Any CPU
		{B410625D-E9C6-4C8F-A57C-EF2B3C6BBA9F}.Debug|Any CPU.Build.0 = Debug|Any CPU
		{B410625D-E9C6-4C8F-A57C-EF2B3C6BBA9F}.Release|Any CPU.ActiveCfg = Release|Any CPU
		{B410625D-E9C6-4C8F-A57C-EF2B3C6BBA9F}.Release|Any CPU.Build.0 = Release|Any CPU
		{C36F058E-E1E2-4F7F-BA28-5563E9E75257}.Debug|Any CPU.ActiveCfg = Debug|Any CPU
		{C36F058E-E1E2-4F7F-BA28-5563E9E75257}.Debug|Any CPU.Build.0 = Debug|Any CPU
		{C36F058E-E1E2-4F7F-BA28-5563E9E75257}.Release|Any CPU.ActiveCfg = Release|Any CPU
		{C36F058E-E1E2-4F7F-BA28-5563E9E75257}.Release|Any CPU.Build.0 = Release|Any CPU
		{21AA19D5-3CA0-465A-9264-B3183991AFC5}.Debug|Any CPU.ActiveCfg = Debug|Any CPU
		{21AA19D5-3CA0-465A-9264-B3183991AFC5}.Debug|Any CPU.Build.0 = Debug|Any CPU
		{21AA19D5-3CA0-465A-9264-B3183991AFC5}.Release|Any CPU.ActiveCfg = Release|Any CPU
		{21AA19D5-3CA0-465A-9264-B3183991AFC5}.Release|Any CPU.Build.0 = Release|Any CPU
	EndGlobalSection
	GlobalSection(SolutionProperties) = preSolution
		HideSolutionNode = FALSE
	EndGlobalSection
	GlobalSection(ExtensibilityGlobals) = postSolution
		SolutionGuid = {2BD7F620-8CE1-4C79-937F-5C3338379415}
	EndGlobalSection
EndGlobal
